
Microsoft Visual Studio Solution File, Format Version 12.00
# Visual Studio Version 17
VisualStudioVersion = 17.2.32505.173
MinimumVisualStudioVersion = 10.0.40219.1
Project("{FAE04EC0-301F-11D3-BF4B-00C04F79EFBC}") = "AdSync", "AdSync\AdSync.csproj", "{54A54114-9D52-4775-A1EC-B2EC2A030486}"
EndProject
Global
	GlobalSection(SolutionConfigurationPlatforms) = preSolution
		Debug|Any CPU = Debug|Any CPU
		Release|Any CPU = Release|Any CPU
	EndGlobalSection
	GlobalSection(ProjectConfigurationPlatforms) = postSolution
		{54A54114-9D52-4775-A1EC-B2EC2A030486}.Debug|Any CPU.ActiveCfg = Debug|Any CPU
		{54A54114-9D52-4775-A1EC-B2EC2A030486}.Debug|Any CPU.Build.0 = Debug|Any CPU
		{54A54114-9D52-4775-A1EC-B2EC2A030486}.Release|Any CPU.ActiveCfg = Release|Any CPU
		{54A54114-9D52-4775-A1EC-B2EC2A030486}.Release|Any CPU.Build.0 = Release|Any CPU
	EndGlobalSection
	GlobalSection(SolutionProperties) = preSolution
		HideSolutionNode = FALSE
	EndGlobalSection
	GlobalSection(ExtensibilityGlobals) = postSolution
		SolutionGuid = {C922DFC7-49CD-4FEC-B794-252089F15601}
	EndGlobalSection
EndGlobal
